
Microsoft Visual Studio Solution File, Format Version 12.00
# Visual Studio 14
VisualStudioVersion = 14.0.25420.1
MinimumVisualStudioVersion = 10.0.40219.1
Project("{FAE04EC0-301F-11D3-BF4B-00C04F79EFBC}") = "Doviz", "Doviz.csproj", "{AD1CDF10-AE58-4511-B052-2D897A57362E}"
EndProject
Project("{FAE04EC0-301F-11D3-BF4B-00C04F79EFBC}") = "twain_test", "..\twain_test\twain_test.csproj", "{B6AA2D6B-27FD-4FDA-A5B7-6A38423CBC29}"
EndProject
Global
	GlobalSection(SolutionConfigurationPlatforms) = preSolution
		Debug|Any CPU = Debug|Any CPU
		Release|Any CPU = Release|Any CPU
	EndGlobalSection
	GlobalSection(ProjectConfigurationPlatforms) = postSolution
		{AD1CDF10-AE58-4511-B052-2D897A57362E}.Debug|Any CPU.ActiveCfg = Debug|Any CPU
		{AD1CDF10-AE58-4511-B052-2D897A57362E}.Debug|Any CPU.Build.0 = Debug|Any CPU
		{AD1CDF10-AE58-4511-B052-2D897A57362E}.Release|Any CPU.ActiveCfg = Release|Any CPU
		{AD1CDF10-AE58-4511-B052-2D897A57362E}.Release|Any CPU.Build.0 = Release|Any CPU
		{B6AA2D6B-27FD-4FDA-A5B7-6A38423CBC29}.Debug|Any CPU.ActiveCfg = Debug|Any CPU
		{B6AA2D6B-27FD-4FDA-A5B7-6A38423CBC29}.Debug|Any CPU.Build.0 = Debug|Any CPU
		{B6AA2D6B-27FD-4FDA-A5B7-6A38423CBC29}.Release|Any CPU.ActiveCfg = Release|Any CPU
		{B6AA2D6B-27FD-4FDA-A5B7-6A38423CBC29}.Release|Any CPU.Build.0 = Release|Any CPU
	EndGlobalSection
	GlobalSection(SolutionProperties) = preSolution
		HideSolutionNode = FALSE
	EndGlobalSection
EndGlobal
